
Microsoft Visual Studio Solution File, Format Version 12.00
# Visual Studio Version 16
VisualStudioVersion = 16.0.30413.136
MinimumVisualStudioVersion = 10.0.40219.1
Project("{FAE04EC0-301F-11D3-BF4B-00C04F79EFBC}") = "shrek", "shrek\shrek.csproj", "{A6AA315E-57D2-4401-B8D0-590B244DA12E}"
EndProject
Global
	GlobalSection(SolutionConfigurationPlatforms) = preSolution
		Debug|Any CPU = Debug|Any CPU
		Release|Any CPU = Release|Any CPU
	EndGlobalSection
	GlobalSection(ProjectConfigurationPlatforms) = postSolution
		{A6AA315E-57D2-4401-B8D0-590B244DA12E}.Debug|Any CPU.ActiveCfg = Debug|Any CPU
		{A6AA315E-57D2-4401-B8D0-590B244DA12E}.Debug|Any CPU.Build.0 = Debug|Any CPU
		{A6AA315E-57D2-4401-B8D0-590B244DA12E}.Release|Any CPU.ActiveCfg = Release|Any CPU
		{A6AA315E-57D2-4401-B8D0-590B244DA12E}.Release|Any CPU.Build.0 = Release|Any CPU
	EndGlobalSection
	GlobalSection(SolutionProperties) = preSolution
		HideSolutionNode = FALSE
	EndGlobalSection
	GlobalSection(ExtensibilityGlobals) = postSolution
		SolutionGuid = {E388F1CE-DDC3-486D-A275-2D0EF9F7FDBE}
	EndGlobalSection
EndGlobal
